// !$*UTF8*$!
{
	archiveVersion = 1;
	classes = {
	};
	objectVersion = 46;
	objects = {

/* Begin PBXBuildFile section */
		583906FA1AD3B07A00061FEC /* main.cpp in Sources */ = {isa = PBXBuildFile; fileRef = 583906F91AD3B07A00061FEC /* main.cpp */; };
		583907021AD3B16A00061FEC /* People.cpp in Sources */ = {isa = PBXBuildFile; fileRef = 583907001AD3B16A00061FEC /* People.cpp */; };
/* End PBXBuildFile section */

/* Begin PBXCopyFilesBuildPhase section */
		583906F41AD3B07A00061FEC /* CopyFiles */ = {
			isa = PBXCopyFilesBuildPhase;
			buildActionMask = 2147483647;
			dstPath = /usr/share/man/man1/;
			dstSubfolderSpec = 0;
			files = (
			);
			runOnlyForDeploymentPostprocessing = 1;
		};
/* End PBXCopyFilesBuildPhase section */

/* Begin PBXFileReference section */
		583906F61AD3B07A00061FEC /* L01 */ = {isa = PBXFileReference; explicitFileType = "compiled.mach-o.executable"; includeInIndex = 0; path = L01; sourceTree = BUILT_PRODUCTS_DIR; };
		583906F91AD3B07A00061FEC /* main.cpp */ = {isa = PBXFileReference; lastKnownFileType = sourcecode.cpp.cpp; path = main.cpp; sourceTree = "<group>"; };
		583907001AD3B16A00061FEC /* People.cpp */ = {isa = PBXFileReference; fileEncoding = 4; lastKnownFileType = sourcecode.cpp.cpp; path = People.cpp; sourceTree = "<group>"; };
		583907011AD3B16A00061FEC /* People.h */ = {isa = PBXFileReference; fileEncoding = 4; lastKnownFileType = sourcecode.c.h; path = People.h; sourceTree = "<group>"; };
/* End PBXFileReference section */

/* Begin PBXFrameworksBuildPhase section */
		583906F31AD3B07A00061FEC /* Frameworks */ = {
			isa = PBXFrameworksBuildPhase;
			buildActionMask = 2147483647;
			files = (
			);
			runOnlyForDeploymentPostprocessing = 0;
		};
/* End PBXFrameworksBuildPhase section */

/* Begin PBXGroup section */
		583906ED1AD3B07A00061FEC = {
			isa = PBXGroup;
			children = (
				583906F81AD3B07A00061FEC /* L01 */,
				583906F71AD3B07A00061FEC /* Products */,
			);
			sourceTree = "<group>";
		};
		583906F71AD3B07A00061FEC /* Products */ = {
			isa = PBXGroup;
			children = (
				583906F61AD3B07A00061FEC /* L01 */,
			);
			name = Products;
			sourceTree = "<group>";
		};
		583906F81AD3B07A00061FEC /* L01 */ = {
			isa = PBXGroup;
			children = (
				583906F91AD3B07A00061FEC /* main.cpp */,
				583907001AD3B16A00061FEC /* People.cpp */,
				583907011AD3B16A00061FEC /* People.h */,
			);
			path = L01;
			sourceTree = "<group>";
		};
/* End PBXGroup section */

/* Begin PBXNativeTarget section */
		583906F51AD3B07A00061FEC /* L01 */ = {
			isa = PBXNativeTarget;
			buildConfigurationList = 583906FD1AD3B07A00061FEC /* Build configuration list for PBXNativeTarget "L01" */;
			buildPhases = (
				583906F21AD3B07A00061FEC /* Sources */,
				583906F31AD3B07A00061FEC /* Frameworks */,
				583906F41AD3B07A00061FEC /* CopyFiles */,
			);
			buildRules = (
			);
			dependencies = (
			);
			name = L01;
			productName = L01;
			productReference = 583906F61AD3B07A00061FEC /* L01 */;
			productType = "com.apple.product-type.tool";
		};
/* End PBXNativeTarget section */

/* Begin PBXProject section */
		583906EE1AD3B07A00061FEC /* Project object */ = {
			isa = PBXProject;
			attributes = {
				LastUpgradeCheck = 0610;
				ORGANIZATIONNAME = com.zhengxizhen;
				TargetAttributes = {
					583906F51AD3B07A00061FEC = {
						CreatedOnToolsVersion = 6.1;
					};
				};
			};
			buildConfigurationList = 583906F11AD3B07A00061FEC /* Build configuration list for PBXProject "L01" */;
			compatibilityVersion = "Xcode 3.2";
			developmentRegion = English;
			hasScannedForEncodings = 0;
			knownRegions = (
				en,
			);
			mainGroup = 583906ED1AD3B07A00061FEC;
			productRefGroup = 583906F71AD3B07A00061FEC /* Products */;
			projectDirPath = "";
			projectRoot = "";
			targets = (
				583906F51AD3B07A00061FEC /* L01 */,
			);
		};
/* End PBXProject section */

/* Begin PBXSourcesBuildPhase section */
		583906F21AD3B07A00061FEC /* Sources */ = {
			isa = PBXSourcesBuildPhase;
			buildActionMask = 2147483647;
			files = (
				583907021AD3B16A00061FEC /* People.cpp in Sources */,
				583906FA1AD3B07A00061FEC /* main.cpp in Sources */,
			);
			runOnlyForDeploymentPostprocessing = 0;
		};
/* End PBXSourcesBuildPhase section */

/* Begin XCBuildConfiguration section */
		583906FB1AD3B07A00061FEC /* Debug */ = {
			isa = XCBuildConfiguration;
			buildSettings = {
				ALWAYS_SEARCH_USER_PATHS = NO;
				CLANG_CXX_LANGUAGE_STANDARD = "gnu++0x";
				CLANG_CXX_LIBRARY = "libc++";
				CLANG_ENABLE_MODULES = YES;
				CLANG_ENABLE_OBJC_ARC = YES;
				CLANG_WARN_BOOL_CONVERSION = YES;
				CLANG_WARN_CONSTANT_CONVERSION = YES;
				CLANG_WARN_DIRECT_OBJC_ISA_USAGE = YES_ERROR;
				CLANG_WARN_EMPTY_BODY = YES;
				CLANG_WARN_ENUM_CONVERSION = YES;
				CLANG_WARN_INT_CONVERSION = YES;
				CLANG_WARN_OBJC_ROOT_CLASS = YES_ERROR;
				CLANG_WARN_UNREACHABLE_CODE = YES;
				CLANG_WARN__DUPLICATE_METHOD_MATCH = YES;
				COPY_PHASE_STRIP = NO;
				ENABLE_STRICT_OBJC_MSGSEND = YES;
				GCC_C_LANGUAGE_STANDARD = gnu99;
				GCC_DYNAMIC_NO_PIC = NO;
				GCC_OPTIMIZATION_LEVEL = 0;
				GCC_PREPROCESSOR_DEFINITIONS = (
					"DEBUG=1",
					"$(inherited)",
				);
				GCC_SYMBOLS_PRIVATE_EXTERN = NO;
				GCC_WARN_64_TO_32_BIT_CONVERSION = YES;
				GCC_WARN_ABOUT_RETURN_TYPE = YES_ERROR;
				GCC_WARN_UNDECLARED_SELECTOR = YES;
				GCC_WARN_UNINITIALIZED_AUTOS = YES_AGGRESSIVE;
				GCC_WARN_UNUSED_FUNCTION = YES;
				GCC_WARN_UNUSED_VARIABLE = YES;
				MACOSX_DEPLOYMENT_TARGET = 10.10;
				MTL_ENABLE_DEBUG_INFO = YES;
				ONLY_ACTIVE_ARCH = YES;
				SDKROOT = macosx;
			};
			name = Debug;
		};
		583906FC1AD3B07A00061FEC /* Release */ = {
			isa = XCBuildConfiguration;
			buildSettings = {
				ALWAYS_SEARCH_USER_PATHS = NO;
				CLANG_CXX_LANGUAGE_STANDARD = "gnu++0x";
				CLANG_CXX_LIBRARY = "libc++";
				CLANG_ENABLE_MODULES = YES;
				CLANG_ENABLE_OBJC_ARC = YES;
				CLANG_WARN_BOOL_CONVERSION = YES;
				CLANG_WARN_CONSTANT_CONVERSION = YES;
				CLANG_WARN_DIRECT_OBJC_ISA_USAGE = YES_ERROR;
				CLANG_WARN_EMPTY_BODY = YES;
				CLANG_WARN_ENUM_CONVERSION = YES;
				CLANG_WARN_INT_CONVERSION = YES;
				CLANG_WARN_OBJC_ROOT_CLASS = YES_ERROR;
				CLANG_WARN_UNREACHABLE_CODE = YES;
				CLANG_WARN__DUPLICATE_METHOD_MATCH = YES;
				COPY_PHASE_STRIP = YES;
				DEBUG_INFORMATION_FORMAT = "dwarf-with-dsym";
				ENABLE_NS_ASSERTIONS = NO;
				ENABLE_STRICT_OBJC_MSGSEND = YES;
				GCC_C_LANGUAGE_STANDARD = gnu99;
				GCC_WARN_64_TO_32_BIT_CONVERSION = YES;
				GCC_WARN_ABOUT_RETURN_TYPE = YES_ERROR;
				GCC_WARN_UNDECLARED_SELECTOR = YES;
				GCC_WARN_UNINITIALIZED_AUTOS = YES_AGGRESSIVE;
				GCC_WARN_UNUSED_FUNCTION = YES;
				GCC_WARN_UNUSED_VARIABLE = YES;
				MACOSX_DEPLOYMENT_TARGET = 10.10;
				MTL_ENABLE_DEBUG_INFO = NO;
				SDKROOT = macosx;
			};
			name = Release;
		};
		583906FE1AD3B07A00061FEC /* Debug */ = {
			isa = XCBuildConfiguration;
			buildSettings = {
				PRODUCT_NAME = "$(TARGET_NAME)";
			};
			name = Debug;
		};
		583906FF1AD3B07A00061FEC /* Release */ = {
			isa = XCBuildConfiguration;
			buildSettings = {
				PRODUCT_NAME = "$(TARGET_NAME)";
			};
			name = Release;
		};
/* End XCBuildConfiguration section */

/* Begin XCConfigurationList section */
		583906F11AD3B07A00061FEC /* Build configuration list for PBXProject "L01" */ = {
			isa = XCConfigurationList;
			buildConfigurations = (
				583906FB1AD3B07A00061FEC /* Debug */,
				583906FC1AD3B07A00061FEC /* Release */,
			);
			defaultConfigurationIsVisible = 0;
			defaultConfigurationName = Release;
		};
		583906FD1AD3B07A00061FEC /* Build configuration list for PBXNativeTarget "L01" */ = {
			isa = XCConfigurationList;
			buildConfigurations = (
				583906FE1AD3B07A00061FEC /* Debug */,
				583906FF1AD3B07A00061FEC /* Release */,
			);
			defaultConfigurationIsVisible = 0;
		};
/* End XCConfigurationList section */
	};
	rootObject = 583906EE1AD3B07A00061FEC /* Project object */;
}
